
Microsoft Visual Studio Solution File, Format Version 12.00
# Visual Studio Version 16
VisualStudioVersion = 16.0.32929.386
MinimumVisualStudioVersion = 10.0.40219.1
Project("{FAE04EC0-301F-11D3-BF4B-00C04F79EFBC}") = "SecretSantaAPI", "SecretSantaAPI\SecretSantaAPI.csproj", "{A83884AA-7A42-4F23-A103-53D65D4F3520}"
EndProject
Project("{FAE04EC0-301F-11D3-BF4B-00C04F79EFBC}") = "SecretSanta.Core", "SecretSanta.Core\SecretSanta.Core.csproj", "{446E0FE2-664B-4A85-8890-90BB02842C36}"
EndProject
Project("{FAE04EC0-301F-11D3-BF4B-00C04F79EFBC}") = "SecretSanta.Infrastructure", "SecretSanta.Infrastructure\SecretSanta.Infrastructure.csproj", "{15150082-99F3-4E35-93B6-735037EA0433}"
EndProject
Project("{FAE04EC0-301F-11D3-BF4B-00C04F79EFBC}") = "SecretSanta.Services", "SecretSanta.Services\SecretSanta.Services.csproj", "{E478341C-A07E-467F-BCD3-CC90B0C503F7}"
EndProject
Global
	GlobalSection(SolutionConfigurationPlatforms) = preSolution
		Debug|Any CPU = Debug|Any CPU
		Release|Any CPU = Release|Any CPU
	EndGlobalSection
	GlobalSection(ProjectConfigurationPlatforms) = postSolution
		{A83884AA-7A42-4F23-A103-53D65D4F3520}.Debug|Any CPU.ActiveCfg = Debug|Any CPU
		{A83884AA-7A42-4F23-A103-53D65D4F3520}.Debug|Any CPU.Build.0 = Debug|Any CPU
		{A83884AA-7A42-4F23-A103-53D65D4F3520}.Release|Any CPU.ActiveCfg = Release|Any CPU
		{A83884AA-7A42-4F23-A103-53D65D4F3520}.Release|Any CPU.Build.0 = Release|Any CPU
		{446E0FE2-664B-4A85-8890-90BB02842C36}.Debug|Any CPU.ActiveCfg = Debug|Any CPU
		{446E0FE2-664B-4A85-8890-90BB02842C36}.Debug|Any CPU.Build.0 = Debug|Any CPU
		{446E0FE2-664B-4A85-8890-90BB02842C36}.Release|Any CPU.ActiveCfg = Release|Any CPU
		{446E0FE2-664B-4A85-8890-90BB02842C36}.Release|Any CPU.Build.0 = Release|Any CPU
		{15150082-99F3-4E35-93B6-735037EA0433}.Debug|Any CPU.ActiveCfg = Debug|Any CPU
		{15150082-99F3-4E35-93B6-735037EA0433}.Debug|Any CPU.Build.0 = Debug|Any CPU
		{15150082-99F3-4E35-93B6-735037EA0433}.Release|Any CPU.ActiveCfg = Release|Any CPU
		{15150082-99F3-4E35-93B6-735037EA0433}.Release|Any CPU.Build.0 = Release|Any CPU
		{E478341C-A07E-467F-BCD3-CC90B0C503F7}.Debug|Any CPU.ActiveCfg = Debug|Any CPU
		{E478341C-A07E-467F-BCD3-CC90B0C503F7}.Debug|Any CPU.Build.0 = Debug|Any CPU
		{E478341C-A07E-467F-BCD3-CC90B0C503F7}.Release|Any CPU.ActiveCfg = Release|Any CPU
		{E478341C-A07E-467F-BCD3-CC90B0C503F7}.Release|Any CPU.Build.0 = Release|Any CPU
	EndGlobalSection
	GlobalSection(SolutionProperties) = preSolution
		HideSolutionNode = FALSE
	EndGlobalSection
	GlobalSection(ExtensibilityGlobals) = postSolution
		SolutionGuid = {47CC18A5-1476-43F3-9121-EE43AD52F04E}
	EndGlobalSection
EndGlobal
